
Microsoft Visual Studio Solution File, Format Version 12.00
# Visual Studio Version 17
VisualStudioVersion = 17.6.33815.320
MinimumVisualStudioVersion = 10.0.40219.1
Project("{FAE04EC0-301F-11D3-BF4B-00C04F79EFBC}") = "Dogfighter", "Dogfighter.csproj", "{96E3430C-ED68-42AC-A204-C31DCC3FC2BC}"
EndProject
Global
	GlobalSection(SolutionConfigurationPlatforms) = preSolution
		Debug|Any CPU = Debug|Any CPU
		Release|Any CPU = Release|Any CPU
	EndGlobalSection
	GlobalSection(ProjectConfigurationPlatforms) = postSolution
		{96E3430C-ED68-42AC-A204-C31DCC3FC2BC}.Debug|Any CPU.ActiveCfg = Debug|Any CPU
		{96E3430C-ED68-42AC-A204-C31DCC3FC2BC}.Debug|Any CPU.Build.0 = Debug|Any CPU
		{96E3430C-ED68-42AC-A204-C31DCC3FC2BC}.Release|Any CPU.ActiveCfg = Release|Any CPU
		{96E3430C-ED68-42AC-A204-C31DCC3FC2BC}.Release|Any CPU.Build.0 = Release|Any CPU
	EndGlobalSection
	GlobalSection(SolutionProperties) = preSolution
		HideSolutionNode = FALSE
	EndGlobalSection
	GlobalSection(ExtensibilityGlobals) = postSolution
		SolutionGuid = {3F6DB400-8B1A-4A7F-81C9-61819916D719}
	EndGlobalSection
EndGlobal
